// !$*UTF8*$!
{
	archiveVersion = 1;
	classes = {
	};
	objectVersion = 46;
	objects = {

/* Begin PBXBuildFile section */
		934637521BCDCCEE00477F4E /* PokeCell.swift in Sources */ = {isa = PBXBuildFile; fileRef = 934637511BCDCCEE00477F4E /* PokeCell.swift */; settings = {ASSET_TAGS = (); }; };
		934637561BCDED9E00477F4E /* csv.swift in Sources */ = {isa = PBXBuildFile; fileRef = 934637551BCDED9E00477F4E /* csv.swift */; settings = {ASSET_TAGS = (); }; };
		934637581BCF155700477F4E /* pokemon.ttf in Resources */ = {isa = PBXBuildFile; fileRef = 934637571BCF155700477F4E /* pokemon.ttf */; settings = {ASSET_TAGS = (); }; };
		9346375A1BCF175400477F4E /* music.mp3 in Resources */ = {isa = PBXBuildFile; fileRef = 934637591BCF175400477F4E /* music.mp3 */; settings = {ASSET_TAGS = (); }; };
		934CB4441BD069F5001B735B /* Constants.swift in Sources */ = {isa = PBXBuildFile; fileRef = 934CB4431BD069F5001B735B /* Constants.swift */; settings = {ASSET_TAGS = (); }; };
		935A447C1BCF288800853C2D /* PokemonDetailVC.swift in Sources */ = {isa = PBXBuildFile; fileRef = 935A447B1BCF288800853C2D /* PokemonDetailVC.swift */; settings = {ASSET_TAGS = (); }; };
		936BC8381BCB3C71004A4F40 /* AppDelegate.swift in Sources */ = {isa = PBXBuildFile; fileRef = 936BC8371BCB3C71004A4F40 /* AppDelegate.swift */; };
		936BC83A1BCB3C71004A4F40 /* ViewController.swift in Sources */ = {isa = PBXBuildFile; fileRef = 936BC8391BCB3C71004A4F40 /* ViewController.swift */; };
		936BC83D1BCB3C71004A4F40 /* Main.storyboard in Resources */ = {isa = PBXBuildFile; fileRef = 936BC83B1BCB3C71004A4F40 /* Main.storyboard */; };
		936BC8401BCB3C71004A4F40 /* pokedex.xcdatamodeld in Sources */ = {isa = PBXBuildFile; fileRef = 936BC83E1BCB3C71004A4F40 /* pokedex.xcdatamodeld */; };
		936BC8421BCB3C71004A4F40 /* Assets.xcassets in Resources */ = {isa = PBXBuildFile; fileRef = 936BC8411BCB3C71004A4F40 /* Assets.xcassets */; };
		936BC8451BCB3C71004A4F40 /* LaunchScreen.storyboard in Resources */ = {isa = PBXBuildFile; fileRef = 936BC8431BCB3C71004A4F40 /* LaunchScreen.storyboard */; };
		936BC84D1BCC839C004A4F40 /* pokemon.csv in Resources */ = {isa = PBXBuildFile; fileRef = 936BC84C1BCC839C004A4F40 /* pokemon.csv */; settings = {ASSET_TAGS = (); }; };
		936BC8521BCC8FA4004A4F40 /* Pokemon.swift in Sources */ = {isa = PBXBuildFile; fileRef = 936BC8511BCC8FA4004A4F40 /* Pokemon.swift */; settings = {ASSET_TAGS = (); }; };
		F54B8C8B1CFBEA62F8C6426A /* Pods.framework in Frameworks */ = {isa = PBXBuildFile; fileRef = BB16B81F437EC024F6505059 /* Pods.framework */; };
/* End PBXBuildFile section */

/* Begin PBXFileReference section */
		3FAB5C166AA79CF94E3CCA4D /* Pods.release.xcconfig */ = {isa = PBXFileReference; includeInIndex = 1; lastKnownFileType = text.xcconfig; name = Pods.release.xcconfig; path = "Pods/Target Support Files/Pods/Pods.release.xcconfig"; sourceTree = "<group>"; };
		934637511BCDCCEE00477F4E /* PokeCell.swift */ = {isa = PBXFileReference; fileEncoding = 4; lastKnownFileType = sourcecode.swift; path = PokeCell.swift; sourceTree = "<group>"; };
		934637551BCDED9E00477F4E /* csv.swift */ = {isa = PBXFileReference; fileEncoding = 4; lastKnownFileType = sourcecode.swift; path = csv.swift; sourceTree = "<group>"; };
		934637571BCF155700477F4E /* pokemon.ttf */ = {isa = PBXFileReference; lastKnownFileType = file; path = pokemon.ttf; sourceTree = "<group>"; };
		934637591BCF175400477F4E /* music.mp3 */ = {isa = PBXFileReference; lastKnownFileType = audio.mp3; path = music.mp3; sourceTree = "<group>"; };
		934CB4431BD069F5001B735B /* Constants.swift */ = {isa = PBXFileReference; fileEncoding = 4; lastKnownFileType = sourcecode.swift; path = Constants.swift; sourceTree = "<group>"; };
		935A447B1BCF288800853C2D /* PokemonDetailVC.swift */ = {isa = PBXFileReference; fileEncoding = 4; lastKnownFileType = sourcecode.swift; path = PokemonDetailVC.swift; sourceTree = "<group>"; };
		936BC8341BCB3C71004A4F40 /* pokedex.app */ = {isa = PBXFileReference; explicitFileType = wrapper.application; includeInIndex = 0; path = pokedex.app; sourceTree = BUILT_PRODUCTS_DIR; };
		936BC8371BCB3C71004A4F40 /* AppDelegate.swift */ = {isa = PBXFileReference; lastKnownFileType = sourcecode.swift; path = AppDelegate.swift; sourceTree = "<group>"; };
		936BC8391BCB3C71004A4F40 /* ViewController.swift */ = {isa = PBXFileReference; lastKnownFileType = sourcecode.swift; path = ViewController.swift; sourceTree = "<group>"; };
		936BC83C1BCB3C71004A4F40 /* Base */ = {isa = PBXFileReference; lastKnownFileType = file.storyboard; name = Base; path = Base.lproj/Main.storyboard; sourceTree = "<group>"; };
		936BC83F1BCB3C71004A4F40 /* pokedex.xcdatamodel */ = {isa = PBXFileReference; lastKnownFileType = wrapper.xcdatamodel; path = pokedex.xcdatamodel; sourceTree = "<group>"; };
		936BC8411BCB3C71004A4F40 /* Assets.xcassets */ = {isa = PBXFileReference; lastKnownFileType = folder.assetcatalog; path = Assets.xcassets; sourceTree = "<group>"; };
		936BC8441BCB3C71004A4F40 /* Base */ = {isa = PBXFileReference; lastKnownFileType = file.storyboard; name = Base; path = Base.lproj/LaunchScreen.storyboard; sourceTree = "<group>"; };
		936BC8461BCB3C71004A4F40 /* Info.plist */ = {isa = PBXFileReference; lastKnownFileType = text.plist.xml; path = Info.plist; sourceTree = "<group>"; };
		936BC84C1BCC839C004A4F40 /* pokemon.csv */ = {isa = PBXFileReference; fileEncoding = 4; lastKnownFileType = text; path = pokemon.csv; sourceTree = "<group>"; };
		936BC8511BCC8FA4004A4F40 /* Pokemon.swift */ = {isa = PBXFileReference; fileEncoding = 4; lastKnownFileType = sourcecode.swift; path = Pokemon.swift; sourceTree = "<group>"; };
		BB16B81F437EC024F6505059 /* Pods.framework */ = {isa = PBXFileReference; explicitFileType = wrapper.framework; includeInIndex = 0; path = Pods.framework; sourceTree = BUILT_PRODUCTS_DIR; };
		D9FD00E8CC54C007EBEEF3EF /* Pods.debug.xcconfig */ = {isa = PBXFileReference; includeInIndex = 1; lastKnownFileType = text.xcconfig; name = Pods.debug.xcconfig; path = "Pods/Target Support Files/Pods/Pods.debug.xcconfig"; sourceTree = "<group>"; };
/* End PBXFileReference section */

/* Begin PBXFrameworksBuildPhase section */
		936BC8311BCB3C70004A4F40 /* Frameworks */ = {
			isa = PBXFrameworksBuildPhase;
			buildActionMask = 2147483647;
			files = (
				F54B8C8B1CFBEA62F8C6426A /* Pods.framework in Frameworks */,
			);
			runOnlyForDeploymentPostprocessing = 0;
		};
/* End PBXFrameworksBuildPhase section */

/* Begin PBXGroup section */
		6012AA0AB66D8D6DB86E66F4 /* Pods */ = {
			isa = PBXGroup;
			children = (
				D9FD00E8CC54C007EBEEF3EF /* Pods.debug.xcconfig */,
				3FAB5C166AA79CF94E3CCA4D /* Pods.release.xcconfig */,
			);
			name = Pods;
			sourceTree = "<group>";
		};
		934637531BCDED7B00477F4E /* Util */ = {
			isa = PBXGroup;
			children = (
				934637551BCDED9E00477F4E /* csv.swift */,
				934CB4431BD069F5001B735B /* Constants.swift */,
			);
			name = Util;
			sourceTree = "<group>";
		};
		934637541BCDED8A00477F4E /* Resources */ = {
			isa = PBXGroup;
			children = (
				934637571BCF155700477F4E /* pokemon.ttf */,
				936BC84C1BCC839C004A4F40 /* pokemon.csv */,
				934637591BCF175400477F4E /* music.mp3 */,
			);
			name = Resources;
			sourceTree = "<group>";
		};
		936BC82B1BCB3C70004A4F40 = {
			isa = PBXGroup;
			children = (
				936BC8361BCB3C71004A4F40 /* pokedex */,
				936BC8351BCB3C71004A4F40 /* Products */,
				6012AA0AB66D8D6DB86E66F4 /* Pods */,
				F3E4A55B4A7DFEA5DB1F3A53 /* Frameworks */,
			);
			sourceTree = "<group>";
		};
		936BC8351BCB3C71004A4F40 /* Products */ = {
			isa = PBXGroup;
			children = (
				936BC8341BCB3C71004A4F40 /* pokedex.app */,
			);
			name = Products;
			sourceTree = "<group>";
		};
		936BC8361BCB3C71004A4F40 /* pokedex */ = {
			isa = PBXGroup;
			children = (
				936BC84E1BCC8F76004A4F40 /* Model */,
				936BC84F1BCC8F7E004A4F40 /* View */,
				936BC8501BCC8F86004A4F40 /* Controller */,
				934637541BCDED8A00477F4E /* Resources */,
				934637531BCDED7B00477F4E /* Util */,
				936BC8371BCB3C71004A4F40 /* AppDelegate.swift */,
				936BC83B1BCB3C71004A4F40 /* Main.storyboard */,
				936BC8411BCB3C71004A4F40 /* Assets.xcassets */,
				936BC8431BCB3C71004A4F40 /* LaunchScreen.storyboard */,
				936BC8461BCB3C71004A4F40 /* Info.plist */,
				936BC83E1BCB3C71004A4F40 /* pokedex.xcdatamodeld */,
			);
			path = pokedex;
			sourceTree = "<group>";
		};
		936BC84E1BCC8F76004A4F40 /* Model */ = {
			isa = PBXGroup;
			children = (
				936BC8511BCC8FA4004A4F40 /* Pokemon.swift */,
			);
			name = Model;
			sourceTree = "<group>";
		};
		936BC84F1BCC8F7E004A4F40 /* View */ = {
			isa = PBXGroup;
			children = (
				934637511BCDCCEE00477F4E /* PokeCell.swift */,
			);
			name = View;
			sourceTree = "<group>";
		};
		936BC8501BCC8F86004A4F40 /* Controller */ = {
			isa = PBXGroup;
			children = (
				936BC8391BCB3C71004A4F40 /* ViewController.swift */,
				935A447B1BCF288800853C2D /* PokemonDetailVC.swift */,
			);
			name = Controller;
			sourceTree = "<group>";
		};
		F3E4A55B4A7DFEA5DB1F3A53 /* Frameworks */ = {
			isa = PBXGroup;
			children = (
				BB16B81F437EC024F6505059 /* Pods.framework */,
			);
			name = Frameworks;
			sourceTree = "<group>";
		};
/* End PBXGroup section */

/* Begin PBXNativeTarget section */
		936BC8331BCB3C70004A4F40 /* pokedex */ = {
			isa = PBXNativeTarget;
			buildConfigurationList = 936BC8491BCB3C71004A4F40 /* Build configuration list for PBXNativeTarget "pokedex" */;
			buildPhases = (
				8E0CD54292A78A269005B081 /* Check Pods Manifest.lock */,
				936BC8301BCB3C70004A4F40 /* Sources */,
				936BC8311BCB3C70004A4F40 /* Frameworks */,
				936BC8321BCB3C70004A4F40 /* Resources */,
				58A948C9E8FCB6D50CF694B7 /* Embed Pods Frameworks */,
				92FBA8E9E97F5CD6C6C4C2A9 /* Copy Pods Resources */,
			);
			buildRules = (
			);
			dependencies = (
			);
			name = pokedex;
			productName = pokedex;
			productReference = 936BC8341BCB3C71004A4F40 /* pokedex.app */;
			productType = "com.apple.product-type.application";
		};
/* End PBXNativeTarget section */

/* Begin PBXProject section */
		936BC82C1BCB3C70004A4F40 /* Project object */ = {
			isa = PBXProject;
			attributes = {
				LastUpgradeCheck = 0700;
				ORGANIZATIONNAME = "Miguel Santos";
				TargetAttributes = {
					936BC8331BCB3C70004A4F40 = {
						CreatedOnToolsVersion = 7.0.1;
						DevelopmentTeam = E2WXGK793Z;
					};
				};
			};
			buildConfigurationList = 936BC82F1BCB3C70004A4F40 /* Build configuration list for PBXProject "pokedex" */;
			compatibilityVersion = "Xcode 3.2";
			developmentRegion = English;
			hasScannedForEncodings = 0;
			knownRegions = (
				en,
				Base,
			);
			mainGroup = 936BC82B1BCB3C70004A4F40;
			productRefGroup = 936BC8351BCB3C71004A4F40 /* Products */;
			projectDirPath = "";
			projectRoot = "";
			targets = (
				936BC8331BCB3C70004A4F40 /* pokedex */,
			);
		};
/* End PBXProject section */

/* Begin PBXResourcesBuildPhase section */
		936BC8321BCB3C70004A4F40 /* Resources */ = {
			isa = PBXResourcesBuildPhase;
			buildActionMask = 2147483647;
			files = (
				934637581BCF155700477F4E /* pokemon.ttf in Resources */,
				936BC8451BCB3C71004A4F40 /* LaunchScreen.storyboard in Resources */,
				9346375A1BCF175400477F4E /* music.mp3 in Resources */,
				936BC8421BCB3C71004A4F40 /* Assets.xcassets in Resources */,
				936BC84D1BCC839C004A4F40 /* pokemon.csv in Resources */,
				936BC83D1BCB3C71004A4F40 /* Main.storyboard in Resources */,
			);
			runOnlyForDeploymentPostprocessing = 0;
		};
/* End PBXResourcesBuildPhase section */

/* Begin PBXShellScriptBuildPhase section */
		58A948C9E8FCB6D50CF694B7 /* Embed Pods Frameworks */ = {
			isa = PBXShellScriptBuildPhase;
			buildActionMask = 2147483647;
			files = (
			);
			inputPaths = (
			);
			name = "Embed Pods Frameworks";
			outputPaths = (
			);
			runOnlyForDeploymentPostprocessing = 0;
			shellPath = /bin/sh;
			shellScript = "\"${SRCROOT}/Pods/Target Support Files/Pods/Pods-frameworks.sh\"\n";
			showEnvVarsInLog = 0;
		};
		8E0CD54292A78A269005B081 /* Check Pods Manifest.lock */ = {
			isa = PBXShellScriptBuildPhase;
			buildActionMask = 2147483647;
			files = (
			);
			inputPaths = (
			);
			name = "Check Pods Manifest.lock";
			outputPaths = (
			);
			runOnlyForDeploymentPostprocessing = 0;
			shellPath = /bin/sh;
			shellScript = "diff \"${PODS_ROOT}/../Podfile.lock\" \"${PODS_ROOT}/Manifest.lock\" > /dev/null\nif [[ $? != 0 ]] ; then\n    cat << EOM\nerror: The sandbox is not in sync with the Podfile.lock. Run 'pod install' or update your CocoaPods installation.\nEOM\n    exit 1\nfi\n";
			showEnvVarsInLog = 0;
		};
		92FBA8E9E97F5CD6C6C4C2A9 /* Copy Pods Resources */ = {
			isa = PBXShellScriptBuildPhase;
			buildActionMask = 2147483647;
			files = (
			);
			inputPaths = (
			);
			name = "Copy Pods Resources";
			outputPaths = (
			);
			runOnlyForDeploymentPostprocessing = 0;
			shellPath = /bin/sh;
			shellScript = "\"${SRCROOT}/Pods/Target Support Files/Pods/Pods-resources.sh\"\n";
			showEnvVarsInLog = 0;
		};
/* End PBXShellScriptBuildPhase section */

/* Begin PBXSourcesBuildPhase section */
		936BC8301BCB3C70004A4F40 /* Sources */ = {
			isa = PBXSourcesBuildPhase;
			buildActionMask = 2147483647;
			files = (
				934637561BCDED9E00477F4E /* csv.swift in Sources */,
				936BC8401BCB3C71004A4F40 /* pokedex.xcdatamodeld in Sources */,
				936BC8521BCC8FA4004A4F40 /* Pokemon.swift in Sources */,
				936BC83A1BCB3C71004A4F40 /* ViewController.swift in Sources */,
				935A447C1BCF288800853C2D /* PokemonDetailVC.swift in Sources */,
				936BC8381BCB3C71004A4F40 /* AppDelegate.swift in Sources */,
				934637521BCDCCEE00477F4E /* PokeCell.swift in Sources */,
				934CB4441BD069F5001B735B /* Constants.swift in Sources */,
			);
			runOnlyForDeploymentPostprocessing = 0;
		};
/* End PBXSourcesBuildPhase section */

/* Begin PBXVariantGroup section */
		936BC83B1BCB3C71004A4F40 /* Main.storyboard */ = {
			isa = PBXVariantGroup;
			children = (
				936BC83C1BCB3C71004A4F40 /* Base */,
			);
			name = Main.storyboard;
			sourceTree = "<group>";
		};
		936BC8431BCB3C71004A4F40 /* LaunchScreen.storyboard */ = {
			isa = PBXVariantGroup;
			children = (
				936BC8441BCB3C71004A4F40 /* Base */,
			);
			name = LaunchScreen.storyboard;
			sourceTree = "<group>";
		};
/* End PBXVariantGroup section */

/* Begin XCBuildConfiguration section */
		936BC8471BCB3C71004A4F40 /* Debug */ = {
			isa = XCBuildConfiguration;
			buildSettings = {
				ALWAYS_SEARCH_USER_PATHS = NO;
				CLANG_CXX_LANGUAGE_STANDARD = "gnu++0x";
				CLANG_CXX_LIBRARY = "libc++";
				CLANG_ENABLE_MODULES = YES;
				CLANG_ENABLE_OBJC_ARC = YES;
				CLANG_WARN_BOOL_CONVERSION = YES;
				CLANG_WARN_CONSTANT_CONVERSION = YES;
				CLANG_WARN_DIRECT_OBJC_ISA_USAGE = YES_ERROR;
				CLANG_WARN_EMPTY_BODY = YES;
				CLANG_WARN_ENUM_CONVERSION = YES;
				CLANG_WARN_INT_CONVERSION = YES;
				CLANG_WARN_OBJC_ROOT_CLASS = YES_ERROR;
				CLANG_WARN_UNREACHABLE_CODE = YES;
				CLANG_WARN__DUPLICATE_METHOD_MATCH = YES;
				"CODE_SIGN_IDENTITY[sdk=iphoneos*]" = "iPhone Developer";
				COPY_PHASE_STRIP = NO;
				DEBUG_INFORMATION_FORMAT = dwarf;
				ENABLE_STRICT_OBJC_MSGSEND = YES;
				ENABLE_TESTABILITY = YES;
				GCC_C_LANGUAGE_STANDARD = gnu99;
				GCC_DYNAMIC_NO_PIC = NO;
				GCC_NO_COMMON_BLOCKS = YES;
				GCC_OPTIMIZATION_LEVEL = 0;
				GCC_PREPROCESSOR_DEFINITIONS = (
					"DEBUG=1",
					"$(inherited)",
				);
				GCC_WARN_64_TO_32_BIT_CONVERSION = YES;
				GCC_WARN_ABOUT_RETURN_TYPE = YES_ERROR;
				GCC_WARN_UNDECLARED_SELECTOR = YES;
				GCC_WARN_UNINITIALIZED_AUTOS = YES_AGGRESSIVE;
				GCC_WARN_UNUSED_FUNCTION = YES;
				GCC_WARN_UNUSED_VARIABLE = YES;
				IPHONEOS_DEPLOYMENT_TARGET = 9.0;
				MTL_ENABLE_DEBUG_INFO = YES;
				ONLY_ACTIVE_ARCH = YES;
				SDKROOT = iphoneos;
				SWIFT_OPTIMIZATION_LEVEL = "-Onone";
			};
			name = Debug;
		};
		936BC8481BCB3C71004A4F40 /* Release */ = {
			isa = XCBuildConfiguration;
			buildSettings = {
				ALWAYS_SEARCH_USER_PATHS = NO;
				CLANG_CXX_LANGUAGE_STANDARD = "gnu++0x";
				CLANG_CXX_LIBRARY = "libc++";
				CLANG_ENABLE_MODULES = YES;
				CLANG_ENABLE_OBJC_ARC = YES;
				CLANG_WARN_BOOL_CONVERSION = YES;
				CLANG_WARN_CONSTANT_CONVERSION = YES;
				CLANG_WARN_DIRECT_OBJC_ISA_USAGE = YES_ERROR;
				CLANG_WARN_EMPTY_BODY = YES;
				CLANG_WARN_ENUM_CONVERSION = YES;
				CLANG_WARN_INT_CONVERSION = YES;
				CLANG_WARN_OBJC_ROOT_CLASS = YES_ERROR;
				CLANG_WARN_UNREACHABLE_CODE = YES;
				CLANG_WARN__DUPLICATE_METHOD_MATCH = YES;
				"CODE_SIGN_IDENTITY[sdk=iphoneos*]" = "iPhone Developer";
				COPY_PHASE_STRIP = NO;
				DEBUG_INFORMATION_FORMAT = "dwarf-with-dsym";
				ENABLE_NS_ASSERTIONS = NO;
				ENABLE_STRICT_OBJC_MSGSEND = YES;
				GCC_C_LANGUAGE_STANDARD = gnu99;
				GCC_NO_COMMON_BLOCKS = YES;
				GCC_WARN_64_TO_32_BIT_CONVERSION = YES;
				GCC_WARN_ABOUT_RETURN_TYPE = YES_ERROR;
				GCC_WARN_UNDECLARED_SELECTOR = YES;
				GCC_WARN_UNINITIALIZED_AUTOS = YES_AGGRESSIVE;
				GCC_WARN_UNUSED_FUNCTION = YES;
				GCC_WARN_UNUSED_VARIABLE = YES;
				IPHONEOS_DEPLOYMENT_TARGET = 9.0;
				MTL_ENABLE_DEBUG_INFO = NO;
				SDKROOT = iphoneos;
				VALIDATE_PRODUCT = YES;
			};
			name = Release;
		};
		936BC84A1BCB3C71004A4F40 /* Debug */ = {
			isa = XCBuildConfiguration;
			baseConfigurationReference = D9FD00E8CC54C007EBEEF3EF /* Pods.debug.xcconfig */;
			buildSettings = {
				ASSETCATALOG_COMPILER_APPICON_NAME = AppIcon;
				INFOPLIST_FILE = pokedex/Info.plist;
				LD_RUNPATH_SEARCH_PATHS = "$(inherited) @executable_path/Frameworks";
				PRODUCT_BUNDLE_IDENTIFIER = com.miggsantos.pokedex;
				PRODUCT_NAME = "$(TARGET_NAME)";
			};
			name = Debug;
		};
		936BC84B1BCB3C71004A4F40 /* Release */ = {
			isa = XCBuildConfiguration;
			baseConfigurationReference = 3FAB5C166AA79CF94E3CCA4D /* Pods.release.xcconfig */;
			buildSettings = {
				ASSETCATALOG_COMPILER_APPICON_NAME = AppIcon;
				INFOPLIST_FILE = pokedex/Info.plist;
				LD_RUNPATH_SEARCH_PATHS = "$(inherited) @executable_path/Frameworks";
				PRODUCT_BUNDLE_IDENTIFIER = com.miggsantos.pokedex;
				PRODUCT_NAME = "$(TARGET_NAME)";
			};
			name = Release;
		};
/* End XCBuildConfiguration section */

/* Begin XCConfigurationList section */
		936BC82F1BCB3C70004A4F40 /* Build configuration list for PBXProject "pokedex" */ = {
			isa = XCConfigurationList;
			buildConfigurations = (
				936BC8471BCB3C71004A4F40 /* Debug */,
				936BC8481BCB3C71004A4F40 /* Release */,
			);
			defaultConfigurationIsVisible = 0;
			defaultConfigurationName = Release;
		};
		936BC8491BCB3C71004A4F40 /* Build configuration list for PBXNativeTarget "pokedex" */ = {
			isa = XCConfigurationList;
			buildConfigurations = (
				936BC84A1BCB3C71004A4F40 /* Debug */,
				936BC84B1BCB3C71004A4F40 /* Release */,
			);
			defaultConfigurationIsVisible = 0;
			defaultConfigurationName = Release;
		};
/* End XCConfigurationList section */

/* Begin XCVersionGroup section */
		936BC83E1BCB3C71004A4F40 /* pokedex.xcdatamodeld */ = {
			isa = XCVersionGroup;
			children = (
				936BC83F1BCB3C71004A4F40 /* pokedex.xcdatamodel */,
			);
			currentVersion = 936BC83F1BCB3C71004A4F40 /* pokedex.xcdatamodel */;
			path = pokedex.xcdatamodeld;
			sourceTree = "<group>";
			versionGroupType = wrapper.xcdatamodel;
		};
/* End XCVersionGroup section */
	};
	rootObject = 936BC82C1BCB3C70004A4F40 /* Project object */;
}
